
Microsoft Visual Studio Solution File, Format Version 12.00
# Visual Studio 14
VisualStudioVersion = 14.0.25420.1
MinimumVisualStudioVersion = 10.0.40219.1
Project("{FAE04EC0-301F-11D3-BF4B-00C04F79EFBC}") = "BotRunner", "BotRunner\BotRunner.csproj", "{308AB0E9-4195-46DF-AB5C-E3BB4B534688}"
EndProject
Project("{2150E333-8FDC-42A3-9474-1A3956D46DE8}") = "Application", "Application", "{787874D6-10EE-42AD-A62E-4A2AF79D275C}"
EndProject
Project("{2150E333-8FDC-42A3-9474-1A3956D46DE8}") = "Domain", "Domain", "{A601AD44-4467-4A6A-B861-5D22AEE58B22}"
EndProject
Project("{2150E333-8FDC-42A3-9474-1A3956D46DE8}") = "Infrastructure", "Infrastructure", "{A3D2BEC7-ECCB-47B7-8CD0-9ED644C1F1B2}"
EndProject
Project("{FAE04EC0-301F-11D3-BF4B-00C04F79EFBC}") = "UserService", "UserService\UserService.csproj", "{EEDA9DCC-FEF1-4A5A-970E-08467A09812E}"
EndProject
Project("{FAE04EC0-301F-11D3-BF4B-00C04F79EFBC}") = "CollectionService", "CollectionService\CollectionService.csproj", "{83527D3B-66A6-4928-B9C0-054BA1031752}"
EndProject
Project("{FAE04EC0-301F-11D3-BF4B-00C04F79EFBC}") = "BotMain", "BotMain\BotMain.csproj", "{2B9B409C-F1A5-4DB1-B632-EE449A032A16}"
EndProject
Project("{FAE04EC0-301F-11D3-BF4B-00C04F79EFBC}") = "DataAccess", "DataAccess\DataAccess.csproj", "{2CCD17B8-E17E-4847-9863-F803839D9780}"
EndProject
Project("{FAE04EC0-301F-11D3-BF4B-00C04F79EFBC}") = "PaymentService", "PaymentService.cs\PaymentService.csproj", "{27A489AD-609F-421E-858D-923D924179A6}"
EndProject
Global
	GlobalSection(SolutionConfigurationPlatforms) = preSolution
		Debug|Any CPU = Debug|Any CPU
		Release|Any CPU = Release|Any CPU
	EndGlobalSection
	GlobalSection(ProjectConfigurationPlatforms) = postSolution
		{308AB0E9-4195-46DF-AB5C-E3BB4B534688}.Debug|Any CPU.ActiveCfg = Debug|Any CPU
		{308AB0E9-4195-46DF-AB5C-E3BB4B534688}.Debug|Any CPU.Build.0 = Debug|Any CPU
		{308AB0E9-4195-46DF-AB5C-E3BB4B534688}.Release|Any CPU.ActiveCfg = Release|Any CPU
		{308AB0E9-4195-46DF-AB5C-E3BB4B534688}.Release|Any CPU.Build.0 = Release|Any CPU
		{EEDA9DCC-FEF1-4A5A-970E-08467A09812E}.Debug|Any CPU.ActiveCfg = Debug|Any CPU
		{EEDA9DCC-FEF1-4A5A-970E-08467A09812E}.Debug|Any CPU.Build.0 = Debug|Any CPU
		{EEDA9DCC-FEF1-4A5A-970E-08467A09812E}.Release|Any CPU.ActiveCfg = Release|Any CPU
		{EEDA9DCC-FEF1-4A5A-970E-08467A09812E}.Release|Any CPU.Build.0 = Release|Any CPU
		{83527D3B-66A6-4928-B9C0-054BA1031752}.Debug|Any CPU.ActiveCfg = Debug|Any CPU
		{83527D3B-66A6-4928-B9C0-054BA1031752}.Debug|Any CPU.Build.0 = Debug|Any CPU
		{83527D3B-66A6-4928-B9C0-054BA1031752}.Release|Any CPU.ActiveCfg = Release|Any CPU
		{83527D3B-66A6-4928-B9C0-054BA1031752}.Release|Any CPU.Build.0 = Release|Any CPU
		{2B9B409C-F1A5-4DB1-B632-EE449A032A16}.Debug|Any CPU.ActiveCfg = Debug|Any CPU
		{2B9B409C-F1A5-4DB1-B632-EE449A032A16}.Debug|Any CPU.Build.0 = Debug|Any CPU
		{2B9B409C-F1A5-4DB1-B632-EE449A032A16}.Release|Any CPU.ActiveCfg = Release|Any CPU
		{2B9B409C-F1A5-4DB1-B632-EE449A032A16}.Release|Any CPU.Build.0 = Release|Any CPU
		{2CCD17B8-E17E-4847-9863-F803839D9780}.Debug|Any CPU.ActiveCfg = Debug|Any CPU
		{2CCD17B8-E17E-4847-9863-F803839D9780}.Debug|Any CPU.Build.0 = Debug|Any CPU
		{2CCD17B8-E17E-4847-9863-F803839D9780}.Release|Any CPU.ActiveCfg = Release|Any CPU
		{2CCD17B8-E17E-4847-9863-F803839D9780}.Release|Any CPU.Build.0 = Release|Any CPU
		{27A489AD-609F-421E-858D-923D924179A6}.Debug|Any CPU.ActiveCfg = Debug|Any CPU
		{27A489AD-609F-421E-858D-923D924179A6}.Debug|Any CPU.Build.0 = Debug|Any CPU
		{27A489AD-609F-421E-858D-923D924179A6}.Release|Any CPU.ActiveCfg = Release|Any CPU
		{27A489AD-609F-421E-858D-923D924179A6}.Release|Any CPU.Build.0 = Release|Any CPU
	EndGlobalSection
	GlobalSection(SolutionProperties) = preSolution
		HideSolutionNode = FALSE
	EndGlobalSection
	GlobalSection(NestedProjects) = preSolution
		{308AB0E9-4195-46DF-AB5C-E3BB4B534688} = {A3D2BEC7-ECCB-47B7-8CD0-9ED644C1F1B2}
		{EEDA9DCC-FEF1-4A5A-970E-08467A09812E} = {A601AD44-4467-4A6A-B861-5D22AEE58B22}
		{83527D3B-66A6-4928-B9C0-054BA1031752} = {A601AD44-4467-4A6A-B861-5D22AEE58B22}
		{2B9B409C-F1A5-4DB1-B632-EE449A032A16} = {787874D6-10EE-42AD-A62E-4A2AF79D275C}
		{2CCD17B8-E17E-4847-9863-F803839D9780} = {A3D2BEC7-ECCB-47B7-8CD0-9ED644C1F1B2}
		{27A489AD-609F-421E-858D-923D924179A6} = {A601AD44-4467-4A6A-B861-5D22AEE58B22}
	EndGlobalSection
EndGlobal
